PODS:
  - Flutter (1.0.0)
  - fluttertoast (0.0.2):
    - Flutter
    - Toast
  - MTBBarcodeScanner (5.0.11)
  - onegini (0.2.0):
    - Flutter
    - OneginiSDKiOS (~> 9.0)
  - OneginiSDKiOS (9.8.0)
  - qr_code_scanner (0.2.0):
    - Flutter
    - MTBBarcodeScanner
  - Toast (4.0.0)
  - url_launcher (0.0.1):
    - Flutter

DEPENDENCIES:
  - Flutter (from `Flutter`)
  - fluttertoast (from `.symlinks/plugins/fluttertoast/ios`)
  - onegini (from `.symlinks/plugins/onegini/ios`)
  - qr_code_scanner (from `.symlinks/plugins/qr_code_scanner/ios`)
  - url_launcher (from `.symlinks/plugins/url_launcher/ios`)

SPEC REPOS:
  https://github.com/CocoaPods/Specs.git:
    - MTBBarcodeScanner
    - Toast
  https://repo.onegini.com/artifactory/api/pods/cocoapods-public:
    - OneginiSDKiOS

EXTERNAL SOURCES:
  Flutter:
    :path: Flutter
  fluttertoast:
    :path: ".symlinks/plugins/fluttertoast/ios"
  onegini:
    :path: ".symlinks/plugins/onegini/ios"
  qr_code_scanner:
    :path: ".symlinks/plugins/qr_code_scanner/ios"
  url_launcher:
    :path: ".symlinks/plugins/url_launcher/ios"

SPEC CHECKSUMS:
  Flutter: 434fef37c0980e73bb6479ef766c45957d4b510c
  fluttertoast: 6122fa75143e992b1d3470f61000f591a798cc58
  MTBBarcodeScanner: f453b33c4b7dfe545d8c6484ed744d55671788cb
  onegini: b08565c8221452b087eb5811c657007602ca64e8
  OneginiSDKiOS: 72df1b0d438ff69a0768a6cd9c37f72273af465d
  qr_code_scanner: bb67d64904c3b9658ada8c402e8b4d406d5d796e
  Toast: 91b396c56ee72a5790816f40d3a94dd357abc196
  url_launcher: 6fef411d543ceb26efce54b05a0a40bfd74cbbef

PODFILE CHECKSUM: c9fe1fc6ec8fe697bc028339221d32da16e4823e

COCOAPODS: 1.10.1
