PODS:
  - AFNetworking (4.0.1):
    - AFNetworking/NSURLSession (= 4.0.1)
    - AFNetworking/Reachability (= 4.0.1)
    - AFNetworking/Security (= 4.0.1)
    - AFNetworking/Serialization (= 4.0.1)
    - AFNetworking/UIKit (= 4.0.1)
  - AFNetworking/NSURLSession (4.0.1):
    - AFNetworking/Reachability
    - AFNetworking/Security
    - AFNetworking/Serialization
  - AFNetworking/Reachability (4.0.1)
  - AFNetworking/Security (4.0.1)
  - AFNetworking/Serialization (4.0.1)
  - AFNetworking/UIKit (4.0.1):
    - AFNetworking/NSURLSession
  - Flutter (1.0.0)
  - fluttertoast (0.0.2):
    - Flutter
    - Toast
  - MTBBarcodeScanner (5.0.11)
  - onegini (1.2.0):
    - Flutter
    - OneginiSDKiOS (~> 11.0.0)
  - OneginiSDKiOS (11.0.2):
    - AFNetworking (~> 4.0.1)
    - Typhoon (~> 4.0.8)
  - qr_code_scanner (0.2.0):
    - Flutter
    - MTBBarcodeScanner
  - Toast (4.0.0)
  - Typhoon (4.0.9):
    - Typhoon/DeallocNotifier (= 4.0.9)
    - Typhoon/IntrospectionUtils (= 4.0.9)
    - Typhoon/no-arc (= 4.0.9)
  - Typhoon/DeallocNotifier (4.0.9)
  - Typhoon/IntrospectionUtils (4.0.9)
  - Typhoon/no-arc (4.0.9):
    - Typhoon/IntrospectionUtils
  - url_launcher_ios (0.0.1):
    - Flutter

DEPENDENCIES:
  - Flutter (from `Flutter`)
  - fluttertoast (from `.symlinks/plugins/fluttertoast/ios`)
  - onegini (from `.symlinks/plugins/onegini/ios`)
  - qr_code_scanner (from `.symlinks/plugins/qr_code_scanner/ios`)
  - url_launcher_ios (from `.symlinks/plugins/url_launcher_ios/ios`)

SPEC REPOS:
  https://github.com/CocoaPods/Specs.git:
    - AFNetworking
    - MTBBarcodeScanner
    - Toast
    - Typhoon
  https://repo.onegini.com/artifactory/api/pods/cocoapods-public:
    - OneginiSDKiOS

EXTERNAL SOURCES:
  Flutter:
    :path: Flutter
  fluttertoast:
    :path: ".symlinks/plugins/fluttertoast/ios"
  onegini:
    :path: ".symlinks/plugins/onegini/ios"
  qr_code_scanner:
    :path: ".symlinks/plugins/qr_code_scanner/ios"
  url_launcher_ios:
    :path: ".symlinks/plugins/url_launcher_ios/ios"

SPEC CHECKSUMS:
  AFNetworking: 7864c38297c79aaca1500c33288e429c3451fdce
  Flutter: f04841e97a9d0b0a8025694d0796dd46242b2854
  fluttertoast: eb263d302cc92e04176c053d2385237e9f43fad0
  MTBBarcodeScanner: f453b33c4b7dfe545d8c6484ed744d55671788cb
  onegini: fdc0c578cb50f3a6154c26d3b36f1f1bcf481b65
  OneginiSDKiOS: 11c47c9b19b86e6ee6c2758d532b31e6220f0431
  qr_code_scanner: bb67d64904c3b9658ada8c402e8b4d406d5d796e
  Toast: 91b396c56ee72a5790816f40d3a94dd357abc196
  Typhoon: 1973c93ecfb3edb963d78b10e715bc2911475bd2
  url_launcher_ios: 839c58cdb4279282219f5e248c3321761ff3c4de

PODFILE CHECKSUM: 1cb5957d05b3b5aee795396ab15eb158c5d9d312

COCOAPODS: 1.11.3
